# THIS IS AN AUTOGENERATED FILE. DO NOT EDIT THIS FILE DIRECTLY.
# yarn lockfile v1


"@types/node@^16":
  version "16.18.121"
  resolved "https://registry.yarnpkg.com/@types/node/-/node-16.18.121.tgz#88c4e91474b1eb4ae68e39cec8b274e9c792650a"
  integrity sha512-Gk/pOy8H0cvX8qNrwzElYIECpcUn87w4EAEFXFvPJ8qsP9QR/YqukUORSy0zmyDyvdo149idPpy4W6iC5aSbQA==

typescript@^4.6:
  version "4.9.5"
  resolved "https://registry.yarnpkg.com/typescript/-/typescript-4.9.5.tgz#095979f9bcc0d09da324d58d03ce8f8374cbe65a"
  integrity sha512-1FXk9E2Hm+QzZQ7z+McJiHL4NW1F2EzMu9Nq9i3zAaGqibafqYwCVU6WyWAuyQRRzOlxou8xZSyXLEN8oKj24g==
